{
  "name": "benchmark-prisma",
  "version": "0.1.0",
  "lockfileVersion": 1,
  "requires": true,
  "dependencies": {
    "@prisma/client": {
      "version": "2.23.0",
      "resolved": "https://registry.npmjs.org/@prisma/client/-/client-2.23.0.tgz",
      "integrity": "sha512-xsHdo3+wIH0hJVGfKHYTEKtifStjKH0b5t8t7hV32Fypq6+3uxhAi3F25yxuI4XSHXg21nb7Ha82lNwU/0TERA==",
      "requires": {
        "@prisma/engines-version": "2.23.0-36.adf5e8cba3daf12d456d911d72b6e9418681b28b"
      }
    },
    "@prisma/engines": {
      "version": "2.23.0-36.adf5e8cba3daf12d456d911d72b6e9418681b28b",
      "resolved": "https://registry.npmjs.org/@prisma/engines/-/engines-2.23.0-36.adf5e8cba3daf12d456d911d72b6e9418681b28b.tgz",
      "integrity": "sha512-Tgk3kggO5B9IT6mimJAw6HSxbFoDAuDKL3sHHSS41EnQm76j/nf4uhGZFPzOQwZWOLeT5ZLO2khr4/FCA9Nkhw==",
      "dev": true
    },
    "@prisma/engines-version": {
      "version": "2.23.0-36.adf5e8cba3daf12d456d911d72b6e9418681b28b",
      "resolved": "https://registry.npmjs.org/@prisma/engines-version/-/engines-version-2.23.0-36.adf5e8cba3daf12d456d911d72b6e9418681b28b.tgz",
      "integrity": "sha512-VNgnOe+oPQKmy3HOtWi/Q1fvcKZUQkf1OfTD1pzrLBx9tJPejyxt1Mq54L+OOAuYvfrua6bmfojFVLh7uXuWVw=="
    },
    "aggregate-error": {
      "version": "3.1.0",
      "resolved": "https://registry.npmjs.org/aggregate-error/-/aggregate-error-3.1.0.tgz",
      "integrity": "sha512-4I7Td01quW/RpocfNayFdFVk1qSuoh0E7JrbRJ16nH01HhKFQ88INq9Sd+nd72zqRySlr9BmDA8xlEJ6vJMrYA==",
      "requires": {
        "clean-stack": "^2.0.0",
        "indent-string": "^4.0.0"
      }
    },
    "clean-stack": {
      "version": "2.2.0",
      "resolved": "https://registry.npmjs.org/clean-stack/-/clean-stack-2.2.0.tgz",
      "integrity": "sha512-4diC9HaTE+KRAMWhDhrGOECgWZxoevMc5TlkObMqNSsVU62PYzXZ/SMTjzyGAFF1YusgxGcSWTEXBhp0CPwQ1A=="
    },
    "indent-string": {
      "version": "4.0.0",
      "resolved": "https://registry.npmjs.org/indent-string/-/indent-string-4.0.0.tgz",
      "integrity": "sha512-EdDDZu4A2OyIK7Lr/2zG+w5jmbuk1DVBnEwREQvBzspBJkCEbRa8GxU1lghYcaGJCnRWibjDXlq779X1/y5xwg=="
    },
    "p-map": {
      "version": "4.0.0",
      "resolved": "https://registry.npmjs.org/p-map/-/p-map-4.0.0.tgz",
      "integrity": "sha512-/bjOqmgETBYB5BoEeGVea8dmvHb2m9GLy1E9W43yeyfP6QQCZGFNa+XRceJEuDB6zqr+gKpIAmlLebMpykw/MQ==",
      "requires": {
        "aggregate-error": "^3.0.0"
      }
    },
    "p-times": {
      "version": "3.0.0",
      "requires": {
        "p-map": "^4.0.0"
      }
    },
    "prisma": {
      "version": "2.23.0",
      "resolved": "https://registry.npmjs.org/prisma/-/prisma-2.23.0.tgz",
      "integrity": "sha512-3c/lmDy8nsPcEsfCufvCTJUEuwmAcTPbeGg9fL1qjlvS314duLUA/k2nm3n1rq4ImKqzeC5uaKfvI2IoAfwrJA==",
      "dev": true,
      "requires": {
        "@prisma/engines": "2.23.0-36.adf5e8cba3daf12d456d911d72b6e9418681b28b"
      }
    }
  }
}
